
Microsoft Visual Studio Solution File, Format Version 12.00
# Visual Studio Version 17
VisualStudioVersion = 17.5.33530.505
MinimumVisualStudioVersion = 10.0.40219.1
Project("{FAE04EC0-301F-11D3-BF4B-00C04F79EFBC}") = "UI", "UI\UI.csproj", "{62C60C85-9272-4197-817B-F0C773DC4CB1}"
EndProject
Project("{9A19103F-16F7-4668-BE54-9A1E7A4F7556}") = "DAL", "DAL\DAL.csproj", "{38B4912C-0CD6-4C9C-9DA9-2210396DB1F6}"
EndProject
Project("{9A19103F-16F7-4668-BE54-9A1E7A4F7556}") = "BL", "BL\BL.csproj", "{0FDB1CF9-A57B-4867-8E42-FD65BE756D7A}"
EndProject
Project("{FAE04EC0-301F-11D3-BF4B-00C04F79EFBC}") = "Abstractions", "Abstractions\Abstractions.csproj", "{2D98EA51-919D-40FD-84C1-01AB56C2DDF6}"
EndProject
Global
	GlobalSection(SolutionConfigurationPlatforms) = preSolution
		Debug|Any CPU = Debug|Any CPU
		Release|Any CPU = Release|Any CPU
	EndGlobalSection
	GlobalSection(ProjectConfigurationPlatforms) = postSolution
		{62C60C85-9272-4197-817B-F0C773DC4CB1}.Debug|Any CPU.ActiveCfg = Debug|Any CPU
		{62C60C85-9272-4197-817B-F0C773DC4CB1}.Debug|Any CPU.Build.0 = Debug|Any CPU
		{62C60C85-9272-4197-817B-F0C773DC4CB1}.Release|Any CPU.ActiveCfg = Release|Any CPU
		{62C60C85-9272-4197-817B-F0C773DC4CB1}.Release|Any CPU.Build.0 = Release|Any CPU
		{38B4912C-0CD6-4C9C-9DA9-2210396DB1F6}.Debug|Any CPU.ActiveCfg = Debug|Any CPU
		{38B4912C-0CD6-4C9C-9DA9-2210396DB1F6}.Debug|Any CPU.Build.0 = Debug|Any CPU
		{38B4912C-0CD6-4C9C-9DA9-2210396DB1F6}.Release|Any CPU.ActiveCfg = Release|Any CPU
		{38B4912C-0CD6-4C9C-9DA9-2210396DB1F6}.Release|Any CPU.Build.0 = Release|Any CPU
		{0FDB1CF9-A57B-4867-8E42-FD65BE756D7A}.Debug|Any CPU.ActiveCfg = Debug|Any CPU
		{0FDB1CF9-A57B-4867-8E42-FD65BE756D7A}.Debug|Any CPU.Build.0 = Debug|Any CPU
		{0FDB1CF9-A57B-4867-8E42-FD65BE756D7A}.Release|Any CPU.ActiveCfg = Release|Any CPU
		{0FDB1CF9-A57B-4867-8E42-FD65BE756D7A}.Release|Any CPU.Build.0 = Release|Any CPU
		{2D98EA51-919D-40FD-84C1-01AB56C2DDF6}.Debug|Any CPU.ActiveCfg = Debug|Any CPU
		{2D98EA51-919D-40FD-84C1-01AB56C2DDF6}.Debug|Any CPU.Build.0 = Debug|Any CPU
		{2D98EA51-919D-40FD-84C1-01AB56C2DDF6}.Release|Any CPU.ActiveCfg = Release|Any CPU
		{2D98EA51-919D-40FD-84C1-01AB56C2DDF6}.Release|Any CPU.Build.0 = Release|Any CPU
	EndGlobalSection
	GlobalSection(SolutionProperties) = preSolution
		HideSolutionNode = FALSE
	EndGlobalSection
	GlobalSection(ExtensibilityGlobals) = postSolution
		SolutionGuid = {5ADE28E4-4446-48E9-A5F0-8D1DF1D441DF}
	EndGlobalSection
EndGlobal
